PODS:
  - Alamofire (4.0.0)
  - AsyncSwift (2.0.0)
  - CryptoSwift (0.6.0)
  - Fusuma (0.5.3)
  - JSONWebToken (2.0.1):
    - CryptoSwift (~> 0.6.0)
  - Kingfisher (3.1.1)
  - Socket.IO-Client-Swift (8.0.2)
  - SwiftHTTP (2.0.1)
  - SwiftyJSON (3.1.0)

DEPENDENCIES:
  - Alamofire (~> 4.0)
  - AsyncSwift
  - Fusuma (from `https://github.com/pruthvikar/Fusuma.git`, commit `503865a`)
  - JSONWebToken
  - Kingfisher (~> 3.0)
  - Socket.IO-Client-Swift (~> 8.0.2)
  - SwiftHTTP (~> 2.0.0)
  - SwiftyJSON

EXTERNAL SOURCES:
  Fusuma:
    :commit: 503865a
    :git: https://github.com/pruthvikar/Fusuma.git

CHECKOUT OPTIONS:
  Fusuma:
    :commit: 503865a
    :git: https://github.com/pruthvikar/Fusuma.git

SPEC CHECKSUMS:
  Alamofire: fef59f00388f267e52d9b432aa5d93dc97190f14
  AsyncSwift: 6ba6ed9ecb51344458063f7c86fe447ab824e313
  CryptoSwift: 4a599b7241b8d3b857d6e2c28867d0bd5d1aae24
  Fusuma: 02ffb3a9943792519f2c0972263b750acb550a49
  JSONWebToken: 37f3666c459ed1a1554663a2741ac7655d488b1f
  Kingfisher: 12b755ae697cc9f0fd3e550db8417fa1233e09ab
  Socket.IO-Client-Swift: 136598e4a81a42b0e6855e7f94a0e5a6efdc5ff8
  SwiftHTTP: 6d57b54ee84d9ad9cf81b6bc1c4cae593e3f6329
  SwiftyJSON: 29b9f2a64f118c07e691667c2ba1efe536acfe0b

PODFILE CHECKSUM: 95b0e3e9690ae5cdecedc797ef024970d4aa7762

COCOAPODS: 1.0.1
